// !$*UTF8*$!
{
	archiveVersion = 1;
	classes = {
	};
	objectVersion = 50;
	objects = {

/* Begin PBXBuildFile section */
		0ED1A3A60821EA08800F65E7 /* Pods_CurrencyExchange.framework in Frameworks */ = {isa = PBXBuildFile; fileRef = FFBF55C3A83034611D5CD8D4 /* Pods_CurrencyExchange.framework */; };
		A134FB91225CDCEF00E1AD6B /* Currency+CoreDataClass.swift in Sources */ = {isa = PBXBuildFile; fileRef = A134FB8D225CDCEE00E1AD6B /* Currency+CoreDataClass.swift */; };
		A134FB96225CDDB200E1AD6B /* Currency+CoreDataProperties.swift in Sources */ = {isa = PBXBuildFile; fileRef = A134FB94225CDDB200E1AD6B /* Currency+CoreDataProperties.swift */; };
		A134FB9D225CEC2C00E1AD6B /* DateExtension.swift in Sources */ = {isa = PBXBuildFile; fileRef = A134FB9C225CEC2C00E1AD6B /* DateExtension.swift */; };
		A134FBA0225CF3D100E1AD6B /* Rate+CoreDataProperties.swift in Sources */ = {isa = PBXBuildFile; fileRef = A134FB9E225CF3D100E1AD6B /* Rate+CoreDataProperties.swift */; };
		A134FBA1225CF3D100E1AD6B /* Rate+CoreDataClass.swift in Sources */ = {isa = PBXBuildFile; fileRef = A134FB9F225CF3D100E1AD6B /* Rate+CoreDataClass.swift */; };
		A18059CA225CC55E00ABE8EC /* Strings.swift in Sources */ = {isa = PBXBuildFile; fileRef = A18059C9225CC55E00ABE8EC /* Strings.swift */; };
		A18059CD225CCC0900ABE8EC /* CurrencyExchange.xcdatamodeld in Sources */ = {isa = PBXBuildFile; fileRef = A18059CB225CCC0900ABE8EC /* CurrencyExchange.xcdatamodeld */; };
		A187141C225CB0BE006017F3 /* AppDelegate.swift in Sources */ = {isa = PBXBuildFile; fileRef = A187141B225CB0BE006017F3 /* AppDelegate.swift */; };
		A187141E225CB0BE006017F3 /* ViewController.swift in Sources */ = {isa = PBXBuildFile; fileRef = A187141D225CB0BE006017F3 /* ViewController.swift */; };
		A1871421225CB0BE006017F3 /* Main.storyboard in Resources */ = {isa = PBXBuildFile; fileRef = A187141F225CB0BE006017F3 /* Main.storyboard */; };
		A1871426225CB0BF006017F3 /* Assets.xcassets in Resources */ = {isa = PBXBuildFile; fileRef = A1871425225CB0BF006017F3 /* Assets.xcassets */; };
		A1871429225CB0BF006017F3 /* LaunchScreen.storyboard in Resources */ = {isa = PBXBuildFile; fileRef = A1871427225CB0BF006017F3 /* LaunchScreen.storyboard */; };
		A1871434225CB0BF006017F3 /* CurrencyExchangeTests.swift in Sources */ = {isa = PBXBuildFile; fileRef = A1871433225CB0BF006017F3 /* CurrencyExchangeTests.swift */; };
		A1871440225CBFDE006017F3 /* Utils.swift in Sources */ = {isa = PBXBuildFile; fileRef = A187143F225CBFDE006017F3 /* Utils.swift */; };
		A1871442225CC024006017F3 /* UIViewControllerExtension.swift in Sources */ = {isa = PBXBuildFile; fileRef = A1871441225CC024006017F3 /* UIViewControllerExtension.swift */; };
/* End PBXBuildFile section */

/* Begin PBXContainerItemProxy section */
		A1871430225CB0BF006017F3 /* PBXContainerItemProxy */ = {
			isa = PBXContainerItemProxy;
			containerPortal = A1871410225CB0BE006017F3 /* Project object */;
			proxyType = 1;
			remoteGlobalIDString = A1871417225CB0BE006017F3;
			remoteInfo = CurrencyExchange;
		};
/* End PBXContainerItemProxy section */

/* Begin PBXFileReference section */
		6E54EAA2F37C91EE1990A7A3 /* Pods-CurrencyExchange.release.xcconfig */ = {isa = PBXFileReference; includeInIndex = 1; lastKnownFileType = text.xcconfig; name = "Pods-CurrencyExchange.release.xcconfig"; path = "Pods/Target Support Files/Pods-CurrencyExchange/Pods-CurrencyExchange.release.xcconfig"; sourceTree = "<group>"; };
		A134FB8D225CDCEE00E1AD6B /* Currency+CoreDataClass.swift */ = {isa = PBXFileReference; fileEncoding = 4; lastKnownFileType = sourcecode.swift; path = "Currency+CoreDataClass.swift"; sourceTree = "<group>"; };
		A134FB94225CDDB200E1AD6B /* Currency+CoreDataProperties.swift */ = {isa = PBXFileReference; lastKnownFileType = sourcecode.swift; name = "Currency+CoreDataProperties.swift"; path = "/Users/andy/Documents/currency/CurrencyExchange/CurrencyExchange/Model/Currency+CoreDataProperties.swift"; sourceTree = "<absolute>"; };
		A134FB9C225CEC2C00E1AD6B /* DateExtension.swift */ = {isa = PBXFileReference; lastKnownFileType = sourcecode.swift; path = DateExtension.swift; sourceTree = "<group>"; };
		A134FB9E225CF3D100E1AD6B /* Rate+CoreDataProperties.swift */ = {isa = PBXFileReference; lastKnownFileType = sourcecode.swift; name = "Rate+CoreDataProperties.swift"; path = "../../Rate+CoreDataProperties.swift"; sourceTree = "<group>"; };
		A134FB9F225CF3D100E1AD6B /* Rate+CoreDataClass.swift */ = {isa = PBXFileReference; lastKnownFileType = sourcecode.swift; name = "Rate+CoreDataClass.swift"; path = "../../Rate+CoreDataClass.swift"; sourceTree = "<group>"; };
		A18059C9225CC55E00ABE8EC /* Strings.swift */ = {isa = PBXFileReference; lastKnownFileType = sourcecode.swift; path = Strings.swift; sourceTree = "<group>"; };
		A18059CC225CCC0900ABE8EC /* Model.xcdatamodel */ = {isa = PBXFileReference; lastKnownFileType = wrapper.xcdatamodel; path = Model.xcdatamodel; sourceTree = "<group>"; };
		A1871418225CB0BE006017F3 /* CurrencyExchange.app */ = {isa = PBXFileReference; explicitFileType = wrapper.application; includeInIndex = 0; path = CurrencyExchange.app; sourceTree = BUILT_PRODUCTS_DIR; };
		A187141B225CB0BE006017F3 /* AppDelegate.swift */ = {isa = PBXFileReference; lastKnownFileType = sourcecode.swift; path = AppDelegate.swift; sourceTree = "<group>"; };
		A187141D225CB0BE006017F3 /* ViewController.swift */ = {isa = PBXFileReference; lastKnownFileType = sourcecode.swift; path = ViewController.swift; sourceTree = "<group>"; };
		A1871420225CB0BE006017F3 /* Base */ = {isa = PBXFileReference; lastKnownFileType = file.storyboard; name = Base; path = Base.lproj/Main.storyboard; sourceTree = "<group>"; };
		A1871423225CB0BE006017F3 /* CurrencyExchange.xcdatamodel */ = {isa = PBXFileReference; lastKnownFileType = wrapper.xcdatamodel; path = CurrencyExchange.xcdatamodel; sourceTree = "<group>"; };
		A1871425225CB0BF006017F3 /* Assets.xcassets */ = {isa = PBXFileReference; lastKnownFileType = folder.assetcatalog; path = Assets.xcassets; sourceTree = "<group>"; };
		A1871428225CB0BF006017F3 /* Base */ = {isa = PBXFileReference; lastKnownFileType = file.storyboard; name = Base; path = Base.lproj/LaunchScreen.storyboard; sourceTree = "<group>"; };
		A187142A225CB0BF006017F3 /* Info.plist */ = {isa = PBXFileReference; lastKnownFileType = text.plist.xml; path = Info.plist; sourceTree = "<group>"; };
		A187142F225CB0BF006017F3 /* CurrencyExchangeTests.xctest */ = {isa = PBXFileReference; explicitFileType = wrapper.cfbundle; includeInIndex = 0; path = CurrencyExchangeTests.xctest; sourceTree = BUILT_PRODUCTS_DIR; };
		A1871433225CB0BF006017F3 /* CurrencyExchangeTests.swift */ = {isa = PBXFileReference; lastKnownFileType = sourcecode.swift; path = CurrencyExchangeTests.swift; sourceTree = "<group>"; };
		A1871435225CB0BF006017F3 /* Info.plist */ = {isa = PBXFileReference; lastKnownFileType = text.plist.xml; path = Info.plist; sourceTree = "<group>"; };
		A187143F225CBFDE006017F3 /* Utils.swift */ = {isa = PBXFileReference; lastKnownFileType = sourcecode.swift; path = Utils.swift; sourceTree = "<group>"; };
		A1871441225CC024006017F3 /* UIViewControllerExtension.swift */ = {isa = PBXFileReference; lastKnownFileType = sourcecode.swift; path = UIViewControllerExtension.swift; sourceTree = "<group>"; };
		E74E954A0C7AB5E5264D2B65 /* Pods-CurrencyExchange.debug.xcconfig */ = {isa = PBXFileReference; includeInIndex = 1; lastKnownFileType = text.xcconfig; name = "Pods-CurrencyExchange.debug.xcconfig"; path = "Pods/Target Support Files/Pods-CurrencyExchange/Pods-CurrencyExchange.debug.xcconfig"; sourceTree = "<group>"; };
		FFBF55C3A83034611D5CD8D4 /* Pods_CurrencyExchange.framework */ = {isa = PBXFileReference; explicitFileType = wrapper.framework; includeInIndex = 0; path = Pods_CurrencyExchange.framework; sourceTree = BUILT_PRODUCTS_DIR; };
/* End PBXFileReference section */

/* Begin PBXFrameworksBuildPhase section */
		A1871415225CB0BE006017F3 /* Frameworks */ = {
			isa = PBXFrameworksBuildPhase;
			buildActionMask = 2147483647;
			files = (
				0ED1A3A60821EA08800F65E7 /* Pods_CurrencyExchange.framework in Frameworks */,
			);
			runOnlyForDeploymentPostprocessing = 0;
		};
		A187142C225CB0BF006017F3 /* Frameworks */ = {
			isa = PBXFrameworksBuildPhase;
			buildActionMask = 2147483647;
			files = (
			);
			runOnlyForDeploymentPostprocessing = 0;
		};
/* End PBXFrameworksBuildPhase section */

/* Begin PBXGroup section */
		5CB9B73DB76E6DF83020C041 /* Pods */ = {
			isa = PBXGroup;
			children = (
				E74E954A0C7AB5E5264D2B65 /* Pods-CurrencyExchange.debug.xcconfig */,
				6E54EAA2F37C91EE1990A7A3 /* Pods-CurrencyExchange.release.xcconfig */,
			);
			name = Pods;
			sourceTree = "<group>";
		};
		A134FB98225CE1CE00E1AD6B /* Controllers */ = {
			isa = PBXGroup;
			children = (
				A187141D225CB0BE006017F3 /* ViewController.swift */,
			);
			path = Controllers;
			sourceTree = "<group>";
		};
		A187140F225CB0BE006017F3 = {
			isa = PBXGroup;
			children = (
				A187141A225CB0BE006017F3 /* CurrencyExchange */,
				A1871432225CB0BF006017F3 /* CurrencyExchangeTests */,
				A1871419225CB0BE006017F3 /* Products */,
				5CB9B73DB76E6DF83020C041 /* Pods */,
				D7617DC6D1710192EE384EB8 /* Frameworks */,
			);
			sourceTree = "<group>";
		};
		A1871419225CB0BE006017F3 /* Products */ = {
			isa = PBXGroup;
			children = (
				A1871418225CB0BE006017F3 /* CurrencyExchange.app */,
				A187142F225CB0BF006017F3 /* CurrencyExchangeTests.xctest */,
			);
			name = Products;
			sourceTree = "<group>";
		};
		A187141A225CB0BE006017F3 /* CurrencyExchange */ = {
			isa = PBXGroup;
			children = (
				A134FB98225CE1CE00E1AD6B /* Controllers */,
				A1871443225CC1DC006017F3 /* Model */,
				A187143E225CBFBF006017F3 /* Utils */,
				A187141B225CB0BE006017F3 /* AppDelegate.swift */,
				A187141F225CB0BE006017F3 /* Main.storyboard */,
				A1871425225CB0BF006017F3 /* Assets.xcassets */,
				A1871427225CB0BF006017F3 /* LaunchScreen.storyboard */,
				A187142A225CB0BF006017F3 /* Info.plist */,
				A1871422225CB0BE006017F3 /* CurrencyExchange.xcdatamodeld */,
			);
			path = CurrencyExchange;
			sourceTree = "<group>";
		};
		A1871432225CB0BF006017F3 /* CurrencyExchangeTests */ = {
			isa = PBXGroup;
			children = (
				A1871433225CB0BF006017F3 /* CurrencyExchangeTests.swift */,
				A1871435225CB0BF006017F3 /* Info.plist */,
			);
			path = CurrencyExchangeTests;
			sourceTree = "<group>";
		};
		A187143E225CBFBF006017F3 /* Utils */ = {
			isa = PBXGroup;
			children = (
				A18059C9225CC55E00ABE8EC /* Strings.swift */,
				A187143F225CBFDE006017F3 /* Utils.swift */,
				A1871441225CC024006017F3 /* UIViewControllerExtension.swift */,
				A134FB9C225CEC2C00E1AD6B /* DateExtension.swift */,
			);
			path = Utils;
			sourceTree = "<group>";
		};
		A1871443225CC1DC006017F3 /* Model */ = {
			isa = PBXGroup;
			children = (
				A134FB9F225CF3D100E1AD6B /* Rate+CoreDataClass.swift */,
				A134FB9E225CF3D100E1AD6B /* Rate+CoreDataProperties.swift */,
				A134FB94225CDDB200E1AD6B /* Currency+CoreDataProperties.swift */,
				A134FB8D225CDCEE00E1AD6B /* Currency+CoreDataClass.swift */,
				A18059CB225CCC0900ABE8EC /* CurrencyExchange.xcdatamodeld */,
			);
			path = Model;
			sourceTree = "<group>";
		};
		D7617DC6D1710192EE384EB8 /* Frameworks */ = {
			isa = PBXGroup;
			children = (
				FFBF55C3A83034611D5CD8D4 /* Pods_CurrencyExchange.framework */,
			);
			name = Frameworks;
			sourceTree = "<group>";
		};
/* End PBXGroup section */

/* Begin PBXNativeTarget section */
		A1871417225CB0BE006017F3 /* CurrencyExchange */ = {
			isa = PBXNativeTarget;
			buildConfigurationList = A1871438225CB0BF006017F3 /* Build configuration list for PBXNativeTarget "CurrencyExchange" */;
			buildPhases = (
				F4DE3613AC5C2A9B85B7F292 /* [CP] Check Pods Manifest.lock */,
				A1871414225CB0BE006017F3 /* Sources */,
				A1871415225CB0BE006017F3 /* Frameworks */,
				A1871416225CB0BE006017F3 /* Resources */,
				998C6835612ABD52AF126070 /* [CP] Embed Pods Frameworks */,
			);
			buildRules = (
			);
			dependencies = (
			);
			name = CurrencyExchange;
			productName = CurrencyExchange;
			productReference = A1871418225CB0BE006017F3 /* CurrencyExchange.app */;
			productType = "com.apple.product-type.application";
		};
		A187142E225CB0BF006017F3 /* CurrencyExchangeTests */ = {
			isa = PBXNativeTarget;
			buildConfigurationList = A187143B225CB0BF006017F3 /* Build configuration list for PBXNativeTarget "CurrencyExchangeTests" */;
			buildPhases = (
				A187142B225CB0BF006017F3 /* Sources */,
				A187142C225CB0BF006017F3 /* Frameworks */,
				A187142D225CB0BF006017F3 /* Resources */,
			);
			buildRules = (
			);
			dependencies = (
				A1871431225CB0BF006017F3 /* PBXTargetDependency */,
			);
			name = CurrencyExchangeTests;
			productName = CurrencyExchangeTests;
			productReference = A187142F225CB0BF006017F3 /* CurrencyExchangeTests.xctest */;
			productType = "com.apple.product-type.bundle.unit-test";
		};
/* End PBXNativeTarget section */

/* Begin PBXProject section */
		A1871410225CB0BE006017F3 /* Project object */ = {
			isa = PBXProject;
			attributes = {
				LastSwiftUpdateCheck = 1010;
				LastUpgradeCheck = 1010;
				ORGANIZATIONNAME = "Andy Chou";
				TargetAttributes = {
					A1871417225CB0BE006017F3 = {
						CreatedOnToolsVersion = 10.1;
					};
					A187142E225CB0BF006017F3 = {
						CreatedOnToolsVersion = 10.1;
						TestTargetID = A1871417225CB0BE006017F3;
					};
				};
			};
			buildConfigurationList = A1871413225CB0BE006017F3 /* Build configuration list for PBXProject "CurrencyExchange" */;
			compatibilityVersion = "Xcode 9.3";
			developmentRegion = en;
			hasScannedForEncodings = 0;
			knownRegions = (
				en,
				Base,
			);
			mainGroup = A187140F225CB0BE006017F3;
			productRefGroup = A1871419225CB0BE006017F3 /* Products */;
			projectDirPath = "";
			projectRoot = "";
			targets = (
				A1871417225CB0BE006017F3 /* CurrencyExchange */,
				A187142E225CB0BF006017F3 /* CurrencyExchangeTests */,
			);
		};
/* End PBXProject section */

/* Begin PBXResourcesBuildPhase section */
		A1871416225CB0BE006017F3 /* Resources */ = {
			isa = PBXResourcesBuildPhase;
			buildActionMask = 2147483647;
			files = (
				A1871429225CB0BF006017F3 /* LaunchScreen.storyboard in Resources */,
				A1871426225CB0BF006017F3 /* Assets.xcassets in Resources */,
				A1871421225CB0BE006017F3 /* Main.storyboard in Resources */,
			);
			runOnlyForDeploymentPostprocessing = 0;
		};
		A187142D225CB0BF006017F3 /* Resources */ = {
			isa = PBXResourcesBuildPhase;
			buildActionMask = 2147483647;
			files = (
			);
			runOnlyForDeploymentPostprocessing = 0;
		};
/* End PBXResourcesBuildPhase section */

/* Begin PBXShellScriptBuildPhase section */
		998C6835612ABD52AF126070 /* [CP] Embed Pods Frameworks */ = {
			isa = PBXShellScriptBuildPhase;
			buildActionMask = 2147483647;
			files = (
			);
			inputPaths = (
				"${SRCROOT}/Pods/Target Support Files/Pods-CurrencyExchange/Pods-CurrencyExchange-frameworks.sh",
				"${BUILT_PRODUCTS_DIR}/Alamofire/Alamofire.framework",
			);
			name = "[CP] Embed Pods Frameworks";
			outputPaths = (
				"${TARGET_BUILD_DIR}/${FRAMEWORKS_FOLDER_PATH}/Alamofire.framework",
			);
			runOnlyForDeploymentPostprocessing = 0;
			shellPath = /bin/sh;
			shellScript = "\"${SRCROOT}/Pods/Target Support Files/Pods-CurrencyExchange/Pods-CurrencyExchange-frameworks.sh\"\n";
			showEnvVarsInLog = 0;
		};
		F4DE3613AC5C2A9B85B7F292 /* [CP] Check Pods Manifest.lock */ = {
			isa = PBXShellScriptBuildPhase;
			buildActionMask = 2147483647;
			files = (
			);
			inputPaths = (
				"${PODS_PODFILE_DIR_PATH}/Podfile.lock",
				"${PODS_ROOT}/Manifest.lock",
			);
			name = "[CP] Check Pods Manifest.lock";
			outputPaths = (
				"$(DERIVED_FILE_DIR)/Pods-CurrencyExchange-checkManifestLockResult.txt",
			);
			runOnlyForDeploymentPostprocessing = 0;
			shellPath = /bin/sh;
			shellScript = "diff \"${PODS_PODFILE_DIR_PATH}/Podfile.lock\" \"${PODS_ROOT}/Manifest.lock\" > /dev/null\nif [ $? != 0 ] ; then\n    # print error to STDERR\n    echo \"error: The sandbox is not in sync with the Podfile.lock. Run 'pod install' or update your CocoaPods installation.\" >&2\n    exit 1\nfi\n# This output is used by Xcode 'outputs' to avoid re-running this script phase.\necho \"SUCCESS\" > \"${SCRIPT_OUTPUT_FILE_0}\"\n";
			showEnvVarsInLog = 0;
		};
/* End PBXShellScriptBuildPhase section */

/* Begin PBXSourcesBuildPhase section */
		A1871414225CB0BE006017F3 /* Sources */ = {
			isa = PBXSourcesBuildPhase;
			buildActionMask = 2147483647;
			files = (
				A187141E225CB0BE006017F3 /* ViewController.swift in Sources */,
				A1871442225CC024006017F3 /* UIViewControllerExtension.swift in Sources */,
				A18059CD225CCC0900ABE8EC /* CurrencyExchange.xcdatamodeld in Sources */,
				A187141C225CB0BE006017F3 /* AppDelegate.swift in Sources */,
				A18059CA225CC55E00ABE8EC /* Strings.swift in Sources */,
				A134FB9D225CEC2C00E1AD6B /* DateExtension.swift in Sources */,
				A134FB96225CDDB200E1AD6B /* Currency+CoreDataProperties.swift in Sources */,
				A134FB91225CDCEF00E1AD6B /* Currency+CoreDataClass.swift in Sources */,
				A134FBA1225CF3D100E1AD6B /* Rate+CoreDataClass.swift in Sources */,
				A1871440225CBFDE006017F3 /* Utils.swift in Sources */,
				A134FBA0225CF3D100E1AD6B /* Rate+CoreDataProperties.swift in Sources */,
			);
			runOnlyForDeploymentPostprocessing = 0;
		};
		A187142B225CB0BF006017F3 /* Sources */ = {
			isa = PBXSourcesBuildPhase;
			buildActionMask = 2147483647;
			files = (
				A1871434225CB0BF006017F3 /* CurrencyExchangeTests.swift in Sources */,
			);
			runOnlyForDeploymentPostprocessing = 0;
		};
/* End PBXSourcesBuildPhase section */

/* Begin PBXTargetDependency section */
		A1871431225CB0BF006017F3 /* PBXTargetDependency */ = {
			isa = PBXTargetDependency;
			target = A1871417225CB0BE006017F3 /* CurrencyExchange */;
			targetProxy = A1871430225CB0BF006017F3 /* PBXContainerItemProxy */;
		};
/* End PBXTargetDependency section */

/* Begin PBXVariantGroup section */
		A187141F225CB0BE006017F3 /* Main.storyboard */ = {
			isa = PBXVariantGroup;
			children = (
				A1871420225CB0BE006017F3 /* Base */,
			);
			name = Main.storyboard;
			sourceTree = "<group>";
		};
		A1871427225CB0BF006017F3 /* LaunchScreen.storyboard */ = {
			isa = PBXVariantGroup;
			children = (
				A1871428225CB0BF006017F3 /* Base */,
			);
			name = LaunchScreen.storyboard;
			sourceTree = "<group>";
		};
/* End PBXVariantGroup section */

/* Begin XCBuildConfiguration section */
		A1871436225CB0BF006017F3 /* Debug */ = {
			isa = XCBuildConfiguration;
			buildSettings = {
				ALWAYS_SEARCH_USER_PATHS = NO;
				CLANG_ANALYZER_NONNULL = YES;
				CLANG_ANALYZER_NUMBER_OBJECT_CONVERSION = YES_AGGRESSIVE;
				CLANG_CXX_LANGUAGE_STANDARD = "gnu++14";
				CLANG_CXX_LIBRARY = "libc++";
				CLANG_ENABLE_MODULES = YES;
				CLANG_ENABLE_OBJC_ARC = YES;
				CLANG_ENABLE_OBJC_WEAK = YES;
				CLANG_WARN_BLOCK_CAPTURE_AUTORELEASING = YES;
				CLANG_WARN_BOOL_CONVERSION = YES;
				CLANG_WARN_COMMA = YES;
				CLANG_WARN_CONSTANT_CONVERSION = YES;
				CLANG_WARN_DEPRECATED_OBJC_IMPLEMENTATIONS = YES;
				CLANG_WARN_DIRECT_OBJC_ISA_USAGE = YES_ERROR;
				CLANG_WARN_DOCUMENTATION_COMMENTS = YES;
				CLANG_WARN_EMPTY_BODY = YES;
				CLANG_WARN_ENUM_CONVERSION = YES;
				CLANG_WARN_INFINITE_RECURSION = YES;
				CLANG_WARN_INT_CONVERSION = YES;
				CLANG_WARN_NON_LITERAL_NULL_CONVERSION = YES;
				CLANG_WARN_OBJC_IMPLICIT_RETAIN_SELF = YES;
				CLANG_WARN_OBJC_LITERAL_CONVERSION = YES;
				CLANG_WARN_OBJC_ROOT_CLASS = YES_ERROR;
				CLANG_WARN_RANGE_LOOP_ANALYSIS = YES;
				CLANG_WARN_STRICT_PROTOTYPES = YES;
				CLANG_WARN_SUSPICIOUS_MOVE = YES;
				CLANG_WARN_UNGUARDED_AVAILABILITY = YES_AGGRESSIVE;
				CLANG_WARN_UNREACHABLE_CODE = YES;
				CLANG_WARN__DUPLICATE_METHOD_MATCH = YES;
				CODE_SIGN_IDENTITY = "iPhone Developer";
				COPY_PHASE_STRIP = NO;
				DEBUG_INFORMATION_FORMAT = dwarf;
				ENABLE_STRICT_OBJC_MSGSEND = YES;
				ENABLE_TESTABILITY = YES;
				GCC_C_LANGUAGE_STANDARD = gnu11;
				GCC_DYNAMIC_NO_PIC = NO;
				GCC_NO_COMMON_BLOCKS = YES;
				GCC_OPTIMIZATION_LEVEL = 0;
				GCC_PREPROCESSOR_DEFINITIONS = (
					"DEBUG=1",
					"$(inherited)",
				);
				GCC_WARN_64_TO_32_BIT_CONVERSION = YES;
				GCC_WARN_ABOUT_RETURN_TYPE = YES_ERROR;
				GCC_WARN_UNDECLARED_SELECTOR = YES;
				GCC_WARN_UNINITIALIZED_AUTOS = YES_AGGRESSIVE;
				GCC_WARN_UNUSED_FUNCTION = YES;
				GCC_WARN_UNUSED_VARIABLE = YES;
				IPHONEOS_DEPLOYMENT_TARGET = 12.1;
				MTL_ENABLE_DEBUG_INFO = INCLUDE_SOURCE;
				MTL_FAST_MATH = YES;
				ONLY_ACTIVE_ARCH = YES;
				SDKROOT = iphoneos;
				SWIFT_ACTIVE_COMPILATION_CONDITIONS = DEBUG;
				SWIFT_OPTIMIZATION_LEVEL = "-Onone";
			};
			name = Debug;
		};
		A1871437225CB0BF006017F3 /* Release */ = {
			isa = XCBuildConfiguration;
			buildSettings = {
				ALWAYS_SEARCH_USER_PATHS = NO;
				CLANG_ANALYZER_NONNULL = YES;
				CLANG_ANALYZER_NUMBER_OBJECT_CONVERSION = YES_AGGRESSIVE;
				CLANG_CXX_LANGUAGE_STANDARD = "gnu++14";
				CLANG_CXX_LIBRARY = "libc++";
				CLANG_ENABLE_MODULES = YES;
				CLANG_ENABLE_OBJC_ARC = YES;
				CLANG_ENABLE_OBJC_WEAK = YES;
				CLANG_WARN_BLOCK_CAPTURE_AUTORELEASING = YES;
				CLANG_WARN_BOOL_CONVERSION = YES;
				CLANG_WARN_COMMA = YES;
				CLANG_WARN_CONSTANT_CONVERSION = YES;
				CLANG_WARN_DEPRECATED_OBJC_IMPLEMENTATIONS = YES;
				CLANG_WARN_DIRECT_OBJC_ISA_USAGE = YES_ERROR;
				CLANG_WARN_DOCUMENTATION_COMMENTS = YES;
				CLANG_WARN_EMPTY_BODY = YES;
				CLANG_WARN_ENUM_CONVERSION = YES;
				CLANG_WARN_INFINITE_RECURSION = YES;
				CLANG_WARN_INT_CONVERSION = YES;
				CLANG_WARN_NON_LITERAL_NULL_CONVERSION = YES;
				CLANG_WARN_OBJC_IMPLICIT_RETAIN_SELF = YES;
				CLANG_WARN_OBJC_LITERAL_CONVERSION = YES;
				CLANG_WARN_OBJC_ROOT_CLASS = YES_ERROR;
				CLANG_WARN_RANGE_LOOP_ANALYSIS = YES;
				CLANG_WARN_STRICT_PROTOTYPES = YES;
				CLANG_WARN_SUSPICIOUS_MOVE = YES;
				CLANG_WARN_UNGUARDED_AVAILABILITY = YES_AGGRESSIVE;
				CLANG_WARN_UNREACHABLE_CODE = YES;
				CLANG_WARN__DUPLICATE_METHOD_MATCH = YES;
				CODE_SIGN_IDENTITY = "iPhone Developer";
				COPY_PHASE_STRIP = NO;
				DEBUG_INFORMATION_FORMAT = "dwarf-with-dsym";
				ENABLE_NS_ASSERTIONS = NO;
				ENABLE_STRICT_OBJC_MSGSEND = YES;
				GCC_C_LANGUAGE_STANDARD = gnu11;
				GCC_NO_COMMON_BLOCKS = YES;
				GCC_WARN_64_TO_32_BIT_CONVERSION = YES;
				GCC_WARN_ABOUT_RETURN_TYPE = YES_ERROR;
				GCC_WARN_UNDECLARED_SELECTOR = YES;
				GCC_WARN_UNINITIALIZED_AUTOS = YES_AGGRESSIVE;
				GCC_WARN_UNUSED_FUNCTION = YES;
				GCC_WARN_UNUSED_VARIABLE = YES;
				IPHONEOS_DEPLOYMENT_TARGET = 12.1;
				MTL_ENABLE_DEBUG_INFO = NO;
				MTL_FAST_MATH = YES;
				SDKROOT = iphoneos;
				SWIFT_COMPILATION_MODE = wholemodule;
				SWIFT_OPTIMIZATION_LEVEL = "-O";
				VALIDATE_PRODUCT = YES;
			};
			name = Release;
		};
		A1871439225CB0BF006017F3 /* Debug */ = {
			isa = XCBuildConfiguration;
			baseConfigurationReference = E74E954A0C7AB5E5264D2B65 /* Pods-CurrencyExchange.debug.xcconfig */;
			buildSettings = {
				ASSETCATALOG_COMPILER_APPICON_NAME = AppIcon;
				CODE_SIGN_STYLE = Automatic;
				DEVELOPMENT_TEAM = 45846M8UYA;
				INFOPLIST_FILE = CurrencyExchange/Info.plist;
				IPHONEOS_DEPLOYMENT_TARGET = 10.0;
				LD_RUNPATH_SEARCH_PATHS = (
					"$(inherited)",
					"@executable_path/Frameworks",
				);
				PRODUCT_BUNDLE_IDENTIFIER = com.andychou.CurrencyExchange;
				PRODUCT_NAME = "$(TARGET_NAME)";
				SWIFT_VERSION = 4.2;
				TARGETED_DEVICE_FAMILY = "1,2";
			};
			name = Debug;
		};
		A187143A225CB0BF006017F3 /* Release */ = {
			isa = XCBuildConfiguration;
			baseConfigurationReference = 6E54EAA2F37C91EE1990A7A3 /* Pods-CurrencyExchange.release.xcconfig */;
			buildSettings = {
				ASSETCATALOG_COMPILER_APPICON_NAME = AppIcon;
				CODE_SIGN_STYLE = Automatic;
				DEVELOPMENT_TEAM = 45846M8UYA;
				INFOPLIST_FILE = CurrencyExchange/Info.plist;
				IPHONEOS_DEPLOYMENT_TARGET = 10.0;
				LD_RUNPATH_SEARCH_PATHS = (
					"$(inherited)",
					"@executable_path/Frameworks",
				);
				PRODUCT_BUNDLE_IDENTIFIER = com.andychou.CurrencyExchange;
				PRODUCT_NAME = "$(TARGET_NAME)";
				SWIFT_VERSION = 4.2;
				TARGETED_DEVICE_FAMILY = "1,2";
			};
			name = Release;
		};
		A187143C225CB0BF006017F3 /* Debug */ = {
			isa = XCBuildConfiguration;
			buildSettings = {
				ALWAYS_EMBED_SWIFT_STANDARD_LIBRARIES = YES;
				BUNDLE_LOADER = "$(TEST_HOST)";
				CODE_SIGN_STYLE = Automatic;
				DEVELOPMENT_TEAM = 45846M8UYA;
				INFOPLIST_FILE = CurrencyExchangeTests/Info.plist;
				LD_RUNPATH_SEARCH_PATHS = (
					"$(inherited)",
					"@executable_path/Frameworks",
					"@loader_path/Frameworks",
				);
				PRODUCT_BUNDLE_IDENTIFIER = com.andychou.CurrencyExchangeTests;
				PRODUCT_NAME = "$(TARGET_NAME)";
				SWIFT_VERSION = 4.2;
				TARGETED_DEVICE_FAMILY = "1,2";
				TEST_HOST = "$(BUILT_PRODUCTS_DIR)/CurrencyExchange.app/CurrencyExchange";
			};
			name = Debug;
		};
		A187143D225CB0BF006017F3 /* Release */ = {
			isa = XCBuildConfiguration;
			buildSettings = {
				ALWAYS_EMBED_SWIFT_STANDARD_LIBRARIES = YES;
				BUNDLE_LOADER = "$(TEST_HOST)";
				CODE_SIGN_STYLE = Automatic;
				DEVELOPMENT_TEAM = 45846M8UYA;
				INFOPLIST_FILE = CurrencyExchangeTests/Info.plist;
				LD_RUNPATH_SEARCH_PATHS = (
					"$(inherited)",
					"@executable_path/Frameworks",
					"@loader_path/Frameworks",
				);
				PRODUCT_BUNDLE_IDENTIFIER = com.andychou.CurrencyExchangeTests;
				PRODUCT_NAME = "$(TARGET_NAME)";
				SWIFT_VERSION = 4.2;
				TARGETED_DEVICE_FAMILY = "1,2";
				TEST_HOST = "$(BUILT_PRODUCTS_DIR)/CurrencyExchange.app/CurrencyExchange";
			};
			name = Release;
		};
/* End XCBuildConfiguration section */

/* Begin XCConfigurationList section */
		A1871413225CB0BE006017F3 /* Build configuration list for PBXProject "CurrencyExchange" */ = {
			isa = XCConfigurationList;
			buildConfigurations = (
				A1871436225CB0BF006017F3 /* Debug */,
				A1871437225CB0BF006017F3 /* Release */,
			);
			defaultConfigurationIsVisible = 0;
			defaultConfigurationName = Release;
		};
		A1871438225CB0BF006017F3 /* Build configuration list for PBXNativeTarget "CurrencyExchange" */ = {
			isa = XCConfigurationList;
			buildConfigurations = (
				A1871439225CB0BF006017F3 /* Debug */,
				A187143A225CB0BF006017F3 /* Release */,
			);
			defaultConfigurationIsVisible = 0;
			defaultConfigurationName = Release;
		};
		A187143B225CB0BF006017F3 /* Build configuration list for PBXNativeTarget "CurrencyExchangeTests" */ = {
			isa = XCConfigurationList;
			buildConfigurations = (
				A187143C225CB0BF006017F3 /* Debug */,
				A187143D225CB0BF006017F3 /* Release */,
			);
			defaultConfigurationIsVisible = 0;
			defaultConfigurationName = Release;
		};
/* End XCConfigurationList section */

/* Begin XCVersionGroup section */
		A18059CB225CCC0900ABE8EC /* CurrencyExchange.xcdatamodeld */ = {
			isa = XCVersionGroup;
			children = (
				A18059CC225CCC0900ABE8EC /* Model.xcdatamodel */,
			);
			currentVersion = A18059CC225CCC0900ABE8EC /* Model.xcdatamodel */;
			path = CurrencyExchange.xcdatamodeld;
			sourceTree = "<group>";
			versionGroupType = wrapper.xcdatamodel;
		};
		A1871422225CB0BE006017F3 /* CurrencyExchange.xcdatamodeld */ = {
			isa = XCVersionGroup;
			children = (
				A1871423225CB0BE006017F3 /* CurrencyExchange.xcdatamodel */,
			);
			currentVersion = A1871423225CB0BE006017F3 /* CurrencyExchange.xcdatamodel */;
			path = CurrencyExchange.xcdatamodeld;
			sourceTree = "<group>";
			versionGroupType = wrapper.xcdatamodel;
		};
/* End XCVersionGroup section */
	};
	rootObject = A1871410225CB0BE006017F3 /* Project object */;
}
